
Microsoft Visual Studio Solution File, Format Version 11.00
# Visual Studio 2010
# SharpDevelop 4.4
Project("{FD48973F-F585-4F70-812B-4D0503B36CE9}") = "Pg119FullName", "Pg119FullName\Pg119FullName.pyproj", "{D05C3B5B-1690-407A-827A-23DDFCD66B4A}"
EndProject
Global
	GlobalSection(SolutionConfigurationPlatforms) = preSolution
		Debug|Any CPU = Debug|Any CPU
		Release|Any CPU = Release|Any CPU
	EndGlobalSection
	GlobalSection(ProjectConfigurationPlatforms) = postSolution
		{D05C3B5B-1690-407A-827A-23DDFCD66B4A}.Debug|Any CPU.Build.0 = Debug|Any CPU
		{D05C3B5B-1690-407A-827A-23DDFCD66B4A}.Debug|Any CPU.ActiveCfg = Debug|Any CPU
		{D05C3B5B-1690-407A-827A-23DDFCD66B4A}.Release|Any CPU.Build.0 = Release|Any CPU
		{D05C3B5B-1690-407A-827A-23DDFCD66B4A}.Release|Any CPU.ActiveCfg = Release|Any CPU
	EndGlobalSection
EndGlobal
