
Microsoft Visual Studio Solution File, Format Version 11.00
# Visual Studio 2010
# SharpDevelop 4.4
Project("{FD48973F-F585-4F70-812B-4D0503B36CE9}") = "pg269SoftwareSales", "pg269SoftwareSales\pg269SoftwareSales.pyproj", "{607AD2D2-61B8-4E8E-B193-DBB392F5C389}"
EndProject
Global
	GlobalSection(SolutionConfigurationPlatforms) = preSolution
		Debug|Any CPU = Debug|Any CPU
		Release|Any CPU = Release|Any CPU
	EndGlobalSection
	GlobalSection(ProjectConfigurationPlatforms) = postSolution
		{607AD2D2-61B8-4E8E-B193-DBB392F5C389}.Debug|Any CPU.Build.0 = Debug|Any CPU
		{607AD2D2-61B8-4E8E-B193-DBB392F5C389}.Debug|Any CPU.ActiveCfg = Debug|Any CPU
		{607AD2D2-61B8-4E8E-B193-DBB392F5C389}.Release|Any CPU.Build.0 = Release|Any CPU
		{607AD2D2-61B8-4E8E-B193-DBB392F5C389}.Release|Any CPU.ActiveCfg = Release|Any CPU
	EndGlobalSection
EndGlobal
