
Microsoft Visual Studio Solution File, Format Version 11.00
# Visual Studio 2010
# SharpDevelop 4.4
Project("{FD48973F-F585-4F70-812B-4D0503B36CE9}") = "prog52aClass", "prog52aClass\prog52aClass.pyproj", "{C6136F1A-108A-487E-B8E6-B195A959EDF8}"
EndProject
Global
	GlobalSection(SolutionConfigurationPlatforms) = preSolution
		Debug|Any CPU = Debug|Any CPU
		Release|Any CPU = Release|Any CPU
	EndGlobalSection
	GlobalSection(ProjectConfigurationPlatforms) = postSolution
		{C6136F1A-108A-487E-B8E6-B195A959EDF8}.Debug|Any CPU.Build.0 = Debug|Any CPU
		{C6136F1A-108A-487E-B8E6-B195A959EDF8}.Debug|Any CPU.ActiveCfg = Debug|Any CPU
		{C6136F1A-108A-487E-B8E6-B195A959EDF8}.Release|Any CPU.Build.0 = Release|Any CPU
		{C6136F1A-108A-487E-B8E6-B195A959EDF8}.Release|Any CPU.ActiveCfg = Release|Any CPU
	EndGlobalSection
EndGlobal
