
Microsoft Visual Studio Solution File, Format Version 11.00
# Visual Studio 2010
# SharpDevelop 4.4
Project("{FD48973F-F585-4F70-812B-4D0503B36CE9}") = "prog58b", "prog58b\prog58b.pyproj", "{59A944C9-C492-4665-9226-0D6F6AE0BC6A}"
EndProject
Global
	GlobalSection(SolutionConfigurationPlatforms) = preSolution
		Debug|Any CPU = Debug|Any CPU
		Release|Any CPU = Release|Any CPU
	EndGlobalSection
	GlobalSection(ProjectConfigurationPlatforms) = postSolution
		{59A944C9-C492-4665-9226-0D6F6AE0BC6A}.Debug|Any CPU.Build.0 = Debug|Any CPU
		{59A944C9-C492-4665-9226-0D6F6AE0BC6A}.Debug|Any CPU.ActiveCfg = Debug|Any CPU
		{59A944C9-C492-4665-9226-0D6F6AE0BC6A}.Release|Any CPU.Build.0 = Release|Any CPU
		{59A944C9-C492-4665-9226-0D6F6AE0BC6A}.Release|Any CPU.ActiveCfg = Release|Any CPU
	EndGlobalSection
EndGlobal
