
Microsoft Visual Studio Solution File, Format Version 11.00
# Visual Studio 2010
# SharpDevelop 4.4
Project("{FD48973F-F585-4F70-812B-4D0503B36CE9}") = "Lang162h", "Lang162h\Lang162h.pyproj", "{2A8AF65A-4FB3-4404-A914-EF81FAA8A595}"
EndProject
Global
	GlobalSection(SolutionConfigurationPlatforms) = preSolution
		Debug|Any CPU = Debug|Any CPU
		Release|Any CPU = Release|Any CPU
	EndGlobalSection
	GlobalSection(ProjectConfigurationPlatforms) = postSolution
		{2A8AF65A-4FB3-4404-A914-EF81FAA8A595}.Debug|Any CPU.Build.0 = Debug|Any CPU
		{2A8AF65A-4FB3-4404-A914-EF81FAA8A595}.Debug|Any CPU.ActiveCfg = Debug|Any CPU
		{2A8AF65A-4FB3-4404-A914-EF81FAA8A595}.Release|Any CPU.Build.0 = Release|Any CPU
		{2A8AF65A-4FB3-4404-A914-EF81FAA8A595}.Release|Any CPU.ActiveCfg = Release|Any CPU
	EndGlobalSection
EndGlobal
