
Microsoft Visual Studio Solution File, Format Version 11.00
# Visual Studio 2010
# SharpDevelop 4.4
Project("{FD48973F-F585-4F70-812B-4D0503B36CE9}") = "program76a", "program76a\program76a.pyproj", "{239A716A-9510-4CB0-AFA6-3D0DE6AB1AA4}"
EndProject
Global
	GlobalSection(SolutionConfigurationPlatforms) = preSolution
		Debug|Any CPU = Debug|Any CPU
		Release|Any CPU = Release|Any CPU
	EndGlobalSection
	GlobalSection(ProjectConfigurationPlatforms) = postSolution
		{239A716A-9510-4CB0-AFA6-3D0DE6AB1AA4}.Debug|Any CPU.Build.0 = Debug|Any CPU
		{239A716A-9510-4CB0-AFA6-3D0DE6AB1AA4}.Debug|Any CPU.ActiveCfg = Debug|Any CPU
		{239A716A-9510-4CB0-AFA6-3D0DE6AB1AA4}.Release|Any CPU.Build.0 = Release|Any CPU
		{239A716A-9510-4CB0-AFA6-3D0DE6AB1AA4}.Release|Any CPU.ActiveCfg = Release|Any CPU
	EndGlobalSection
EndGlobal
