
Microsoft Visual Studio Solution File, Format Version 11.00
# Visual Studio 2010
# SharpDevelop 4.4
Project("{FD48973F-F585-4F70-812B-4D0503B36CE9}") = "Pg247Radio", "Pg247Radio\Pg247Radio.pyproj", "{B6D17646-0339-4405-847D-24A3C723DF1C}"
EndProject
Global
	GlobalSection(SolutionConfigurationPlatforms) = preSolution
		Debug|Any CPU = Debug|Any CPU
		Release|Any CPU = Release|Any CPU
	EndGlobalSection
	GlobalSection(ProjectConfigurationPlatforms) = postSolution
		{B6D17646-0339-4405-847D-24A3C723DF1C}.Debug|Any CPU.Build.0 = Debug|Any CPU
		{B6D17646-0339-4405-847D-24A3C723DF1C}.Debug|Any CPU.ActiveCfg = Debug|Any CPU
		{B6D17646-0339-4405-847D-24A3C723DF1C}.Release|Any CPU.Build.0 = Release|Any CPU
		{B6D17646-0339-4405-847D-24A3C723DF1C}.Release|Any CPU.ActiveCfg = Release|Any CPU
	EndGlobalSection
EndGlobal
