
Microsoft Visual Studio Solution File, Format Version 11.00
# Visual Studio 2010
# SharpDevelop 4.4
Project("{FD48973F-F585-4F70-812B-4D0503B36CE9}") = "SlotMachine", "SlotMachine\SlotMachine.pyproj", "{DF00F285-07EF-4799-AB4C-2AFA32998708}"
EndProject
Global
	GlobalSection(SolutionConfigurationPlatforms) = preSolution
		Debug|Any CPU = Debug|Any CPU
		Release|Any CPU = Release|Any CPU
	EndGlobalSection
	GlobalSection(ProjectConfigurationPlatforms) = postSolution
		{DF00F285-07EF-4799-AB4C-2AFA32998708}.Debug|Any CPU.Build.0 = Debug|Any CPU
		{DF00F285-07EF-4799-AB4C-2AFA32998708}.Debug|Any CPU.ActiveCfg = Debug|Any CPU
		{DF00F285-07EF-4799-AB4C-2AFA32998708}.Release|Any CPU.Build.0 = Release|Any CPU
		{DF00F285-07EF-4799-AB4C-2AFA32998708}.Release|Any CPU.ActiveCfg = Release|Any CPU
	EndGlobalSection
EndGlobal
