
Microsoft Visual Studio Solution File, Format Version 11.00
# Visual Studio 2010
# SharpDevelop 4.4
Project("{FD48973F-F585-4F70-812B-4D0503B36CE9}") = "prog162b", "prog162b\prog162b.pyproj", "{4D7E642B-52AD-4D9F-B2B2-197F20B82907}"
EndProject
Global
	GlobalSection(SolutionConfigurationPlatforms) = preSolution
		Debug|Any CPU = Debug|Any CPU
		Release|Any CPU = Release|Any CPU
	EndGlobalSection
	GlobalSection(ProjectConfigurationPlatforms) = postSolution
		{4D7E642B-52AD-4D9F-B2B2-197F20B82907}.Debug|Any CPU.Build.0 = Debug|Any CPU
		{4D7E642B-52AD-4D9F-B2B2-197F20B82907}.Debug|Any CPU.ActiveCfg = Debug|Any CPU
		{4D7E642B-52AD-4D9F-B2B2-197F20B82907}.Release|Any CPU.Build.0 = Release|Any CPU
		{4D7E642B-52AD-4D9F-B2B2-197F20B82907}.Release|Any CPU.ActiveCfg = Release|Any CPU
	EndGlobalSection
EndGlobal
