
Microsoft Visual Studio Solution File, Format Version 11.00
# Visual Studio 2010
# SharpDevelop 4.4
Project("{FD48973F-F585-4F70-812B-4D0503B36CE9}") = "pg140SimpleCalc", "pg140SimpleCalc\pg140SimpleCalc.pyproj", "{FD668202-7D39-49C5-A7D8-E5B116D3867A}"
EndProject
Global
	GlobalSection(SolutionConfigurationPlatforms) = preSolution
		Debug|Any CPU = Debug|Any CPU
		Release|Any CPU = Release|Any CPU
	EndGlobalSection
	GlobalSection(ProjectConfigurationPlatforms) = postSolution
		{FD668202-7D39-49C5-A7D8-E5B116D3867A}.Debug|Any CPU.Build.0 = Debug|Any CPU
		{FD668202-7D39-49C5-A7D8-E5B116D3867A}.Debug|Any CPU.ActiveCfg = Debug|Any CPU
		{FD668202-7D39-49C5-A7D8-E5B116D3867A}.Release|Any CPU.Build.0 = Release|Any CPU
		{FD668202-7D39-49C5-A7D8-E5B116D3867A}.Release|Any CPU.ActiveCfg = Release|Any CPU
	EndGlobalSection
EndGlobal
