
Microsoft Visual Studio Solution File, Format Version 11.00
# Visual Studio 2010
# SharpDevelop 4.4
Project("{FD48973F-F585-4F70-812B-4D0503B36CE9}") = "Lang122c", "Lang122c\Lang122c.pyproj", "{A2F2E6AD-EE18-4345-85A7-C6217136444B}"
EndProject
Global
	GlobalSection(SolutionConfigurationPlatforms) = preSolution
		Debug|Any CPU = Debug|Any CPU
		Release|Any CPU = Release|Any CPU
	EndGlobalSection
	GlobalSection(ProjectConfigurationPlatforms) = postSolution
		{A2F2E6AD-EE18-4345-85A7-C6217136444B}.Debug|Any CPU.Build.0 = Debug|Any CPU
		{A2F2E6AD-EE18-4345-85A7-C6217136444B}.Debug|Any CPU.ActiveCfg = Debug|Any CPU
		{A2F2E6AD-EE18-4345-85A7-C6217136444B}.Release|Any CPU.Build.0 = Release|Any CPU
		{A2F2E6AD-EE18-4345-85A7-C6217136444B}.Release|Any CPU.ActiveCfg = Release|Any CPU
	EndGlobalSection
EndGlobal
